
Microsoft Visual Studio Solution File, Format Version 12.00
# Visual Studio Version 17
VisualStudioVersion = 17.8.34330.188
MinimumVisualStudioVersion = 10.0.40219.1
Project("{FAE04EC0-301F-11D3-BF4B-00C04F79EFBC}") = "brandub.Server", "brandub.Server\brandub.Server.csproj", "{A139AEE1-DBB8-4EBB-B1A3-166EFAAB7C59}"
EndProject
Project("{54A90642-561A-4BB1-A94E-469ADEE60C69}") = "brundub.client", "brundub.client\brundub.client.esproj", "{E2DEF94A-C0AE-4A01-8632-D189F5450268}"
EndProject
Global
	GlobalSection(SolutionConfigurationPlatforms) = preSolution
		Debug|Any CPU = Debug|Any CPU
		Release|Any CPU = Release|Any CPU
	EndGlobalSection
	GlobalSection(ProjectConfigurationPlatforms) = postSolution
		{A139AEE1-DBB8-4EBB-B1A3-166EFAAB7C59}.Debug|Any CPU.ActiveCfg = Debug|Any CPU
		{A139AEE1-DBB8-4EBB-B1A3-166EFAAB7C59}.Debug|Any CPU.Build.0 = Debug|Any CPU
		{A139AEE1-DBB8-4EBB-B1A3-166EFAAB7C59}.Release|Any CPU.ActiveCfg = Release|Any CPU
		{A139AEE1-DBB8-4EBB-B1A3-166EFAAB7C59}.Release|Any CPU.Build.0 = Release|Any CPU
		{E2DEF94A-C0AE-4A01-8632-D189F5450268}.Debug|Any CPU.ActiveCfg = Debug|Any CPU
		{E2DEF94A-C0AE-4A01-8632-D189F5450268}.Debug|Any CPU.Build.0 = Debug|Any CPU
		{E2DEF94A-C0AE-4A01-8632-D189F5450268}.Debug|Any CPU.Deploy.0 = Debug|Any CPU
		{E2DEF94A-C0AE-4A01-8632-D189F5450268}.Release|Any CPU.ActiveCfg = Release|Any CPU
		{E2DEF94A-C0AE-4A01-8632-D189F5450268}.Release|Any CPU.Build.0 = Release|Any CPU
		{E2DEF94A-C0AE-4A01-8632-D189F5450268}.Release|Any CPU.Deploy.0 = Release|Any CPU
	EndGlobalSection
	GlobalSection(SolutionProperties) = preSolution
		HideSolutionNode = FALSE
	EndGlobalSection
	GlobalSection(ExtensibilityGlobals) = postSolution
		SolutionGuid = {2643D15C-6A87-4085-B283-EC92120C3D88}
	EndGlobalSection
EndGlobal
